
Microsoft Visual Studio Solution File, Format Version 12.00
# Visual Studio 14
VisualStudioVersion = 14.0.25420.1
MinimumVisualStudioVersion = 10.0.40219.1
Project("{FAE04EC0-301F-11D3-BF4B-00C04F79EFBC}") = "TodoWebApi", "TodoWebApi\TodoWebApi.csproj", "{38A3C212-C0B1-4562-8F68-028E7BB99169}"
EndProject
Project("{FAE04EC0-301F-11D3-BF4B-00C04F79EFBC}") = "TodoWebApi.Tests", "TodoWebApi.Tests\TodoWebApi.Tests.csproj", "{FC057B1A-5052-4023-A5F6-DEE7990B3816}"
EndProject
Global
	GlobalSection(SolutionConfigurationPlatforms) = preSolution
		Debug|Any CPU = Debug|Any CPU
		Release|Any CPU = Release|Any CPU
	EndGlobalSection
	GlobalSection(ProjectConfigurationPlatforms) = postSolution
		{38A3C212-C0B1-4562-8F68-028E7BB99169}.Debug|Any CPU.ActiveCfg = Debug|Any CPU
		{38A3C212-C0B1-4562-8F68-028E7BB99169}.Debug|Any CPU.Build.0 = Debug|Any CPU
		{38A3C212-C0B1-4562-8F68-028E7BB99169}.Release|Any CPU.ActiveCfg = Release|Any CPU
		{38A3C212-C0B1-4562-8F68-028E7BB99169}.Release|Any CPU.Build.0 = Release|Any CPU
		{FC057B1A-5052-4023-A5F6-DEE7990B3816}.Debug|Any CPU.ActiveCfg = Debug|Any CPU
		{FC057B1A-5052-4023-A5F6-DEE7990B3816}.Debug|Any CPU.Build.0 = Debug|Any CPU
		{FC057B1A-5052-4023-A5F6-DEE7990B3816}.Release|Any CPU.ActiveCfg = Release|Any CPU
		{FC057B1A-5052-4023-A5F6-DEE7990B3816}.Release|Any CPU.Build.0 = Release|Any CPU
	EndGlobalSection
	GlobalSection(SolutionProperties) = preSolution
		HideSolutionNode = FALSE
	EndGlobalSection
EndGlobal
